
Microsoft Visual Studio Solution File, Format Version 12.00
# Visual Studio Version 16
VisualStudioVersion = 16.0.30907.101
MinimumVisualStudioVersion = 10.0.40219.1
Project("{FAE04EC0-301F-11D3-BF4B-00C04F79EFBC}") = "Price-Quote Application", "Price-Quote Application\Price-Quote Application.csproj", "{FCE7A0C6-789B-4B1A-BE42-0D1B179B8FF0}"
EndProject
Global
	GlobalSection(SolutionConfigurationPlatforms) = preSolution
		Debug|Any CPU = Debug|Any CPU
		Release|Any CPU = Release|Any CPU
	EndGlobalSection
	GlobalSection(ProjectConfigurationPlatforms) = postSolution
		{FCE7A0C6-789B-4B1A-BE42-0D1B179B8FF0}.Debug|Any CPU.ActiveCfg = Debug|Any CPU
		{FCE7A0C6-789B-4B1A-BE42-0D1B179B8FF0}.Debug|Any CPU.Build.0 = Debug|Any CPU
		{FCE7A0C6-789B-4B1A-BE42-0D1B179B8FF0}.Release|Any CPU.ActiveCfg = Release|Any CPU
		{FCE7A0C6-789B-4B1A-BE42-0D1B179B8FF0}.Release|Any CPU.Build.0 = Release|Any CPU
	EndGlobalSection
	GlobalSection(SolutionProperties) = preSolution
		HideSolutionNode = FALSE
	EndGlobalSection
	GlobalSection(ExtensibilityGlobals) = postSolution
		SolutionGuid = {E58EB09A-7BB2-400C-BAE0-5E83093D56D4}
	EndGlobalSection
EndGlobal
