
Microsoft Visual Studio Solution File, Format Version 12.00
# Visual Studio Version 16
VisualStudioVersion = 16.0.31019.35
MinimumVisualStudioVersion = 10.0.40219.1
Project("{FAE04EC0-301F-11D3-BF4B-00C04F79EFBC}") = "Console App Assignment Part 5", "Console App Assignment Part 5\Console App Assignment Part 5.csproj", "{58C79B09-712C-40CB-885D-3E6576A13174}"
EndProject
Global
	GlobalSection(SolutionConfigurationPlatforms) = preSolution
		Debug|Any CPU = Debug|Any CPU
		Release|Any CPU = Release|Any CPU
	EndGlobalSection
	GlobalSection(ProjectConfigurationPlatforms) = postSolution
		{58C79B09-712C-40CB-885D-3E6576A13174}.Debug|Any CPU.ActiveCfg = Debug|Any CPU
		{58C79B09-712C-40CB-885D-3E6576A13174}.Debug|Any CPU.Build.0 = Debug|Any CPU
		{58C79B09-712C-40CB-885D-3E6576A13174}.Release|Any CPU.ActiveCfg = Release|Any CPU
		{58C79B09-712C-40CB-885D-3E6576A13174}.Release|Any CPU.Build.0 = Release|Any CPU
	EndGlobalSection
	GlobalSection(SolutionProperties) = preSolution
		HideSolutionNode = FALSE
	EndGlobalSection
	GlobalSection(ExtensibilityGlobals) = postSolution
		SolutionGuid = {3E5B4062-6BFF-4995-B83E-199F201812FE}
	EndGlobalSection
EndGlobal
