
Microsoft Visual Studio Solution File, Format Version 12.00
# Visual Studio Version 16
VisualStudioVersion = 16.0.30907.101
MinimumVisualStudioVersion = 10.0.40219.1
Project("{FAE04EC0-301F-11D3-BF4B-00C04F79EFBC}") = "Array Assignment", "Array Assignment\Array Assignment.csproj", "{082420F2-39A5-4525-9352-5706FC4C4180}"
EndProject
Global
	GlobalSection(SolutionConfigurationPlatforms) = preSolution
		Debug|Any CPU = Debug|Any CPU
		Release|Any CPU = Release|Any CPU
	EndGlobalSection
	GlobalSection(ProjectConfigurationPlatforms) = postSolution
		{082420F2-39A5-4525-9352-5706FC4C4180}.Debug|Any CPU.ActiveCfg = Debug|Any CPU
		{082420F2-39A5-4525-9352-5706FC4C4180}.Debug|Any CPU.Build.0 = Debug|Any CPU
		{082420F2-39A5-4525-9352-5706FC4C4180}.Release|Any CPU.ActiveCfg = Release|Any CPU
		{082420F2-39A5-4525-9352-5706FC4C4180}.Release|Any CPU.Build.0 = Release|Any CPU
	EndGlobalSection
	GlobalSection(SolutionProperties) = preSolution
		HideSolutionNode = FALSE
	EndGlobalSection
	GlobalSection(ExtensibilityGlobals) = postSolution
		SolutionGuid = {6F61BCFD-3D9A-4BA9-899F-03CBC908C9C8}
	EndGlobalSection
EndGlobal
