
Microsoft Visual Studio Solution File, Format Version 12.00
# Visual Studio Version 16
VisualStudioVersion = 16.0.31019.35
MinimumVisualStudioVersion = 10.0.40219.1
Project("{FAE04EC0-301F-11D3-BF4B-00C04F79EFBC}") = "Abstract Classes Assignment", "Abstract Classes Assignment\Abstract Classes Assignment.csproj", "{BD647195-4BE1-4D68-823D-0CCCEEAB056D}"
EndProject
Global
	GlobalSection(SolutionConfigurationPlatforms) = preSolution
		Debug|Any CPU = Debug|Any CPU
		Release|Any CPU = Release|Any CPU
	EndGlobalSection
	GlobalSection(ProjectConfigurationPlatforms) = postSolution
		{BD647195-4BE1-4D68-823D-0CCCEEAB056D}.Debug|Any CPU.ActiveCfg = Debug|Any CPU
		{BD647195-4BE1-4D68-823D-0CCCEEAB056D}.Debug|Any CPU.Build.0 = Debug|Any CPU
		{BD647195-4BE1-4D68-823D-0CCCEEAB056D}.Release|Any CPU.ActiveCfg = Release|Any CPU
		{BD647195-4BE1-4D68-823D-0CCCEEAB056D}.Release|Any CPU.Build.0 = Release|Any CPU
	EndGlobalSection
	GlobalSection(SolutionProperties) = preSolution
		HideSolutionNode = FALSE
	EndGlobalSection
	GlobalSection(ExtensibilityGlobals) = postSolution
		SolutionGuid = {724A0BFB-0CC1-496D-9C3E-5FAD9B3427C1}
	EndGlobalSection
EndGlobal
