
Microsoft Visual Studio Solution File, Format Version 12.00
# Visual Studio Version 16
VisualStudioVersion = 16.0.31019.35
MinimumVisualStudioVersion = 10.0.40219.1
Project("{FAE04EC0-301F-11D3-BF4B-00C04F79EFBC}") = "DateTime Assignment", "DateTime Assignment\DateTime Assignment.csproj", "{4712F4E4-72AF-4AA0-AC16-40EAE1354B92}"
EndProject
Global
	GlobalSection(SolutionConfigurationPlatforms) = preSolution
		Debug|Any CPU = Debug|Any CPU
		Release|Any CPU = Release|Any CPU
	EndGlobalSection
	GlobalSection(ProjectConfigurationPlatforms) = postSolution
		{4712F4E4-72AF-4AA0-AC16-40EAE1354B92}.Debug|Any CPU.ActiveCfg = Debug|Any CPU
		{4712F4E4-72AF-4AA0-AC16-40EAE1354B92}.Debug|Any CPU.Build.0 = Debug|Any CPU
		{4712F4E4-72AF-4AA0-AC16-40EAE1354B92}.Release|Any CPU.ActiveCfg = Release|Any CPU
		{4712F4E4-72AF-4AA0-AC16-40EAE1354B92}.Release|Any CPU.Build.0 = Release|Any CPU
	EndGlobalSection
	GlobalSection(SolutionProperties) = preSolution
		HideSolutionNode = FALSE
	EndGlobalSection
	GlobalSection(ExtensibilityGlobals) = postSolution
		SolutionGuid = {5EDF252F-7DA0-4B8F-96F8-58D9E228BA70}
	EndGlobalSection
EndGlobal
