
Microsoft Visual Studio Solution File, Format Version 12.00
# Visual Studio Version 16
VisualStudioVersion = 16.0.30907.101
MinimumVisualStudioVersion = 10.0.40219.1
Project("{FAE04EC0-301F-11D3-BF4B-00C04F79EFBC}") = "While Assignment", "While Assignment\While Assignment.csproj", "{1E8986F7-06CF-4A65-B735-CCEFAF17B171}"
EndProject
Global
	GlobalSection(SolutionConfigurationPlatforms) = preSolution
		Debug|Any CPU = Debug|Any CPU
		Release|Any CPU = Release|Any CPU
	EndGlobalSection
	GlobalSection(ProjectConfigurationPlatforms) = postSolution
		{1E8986F7-06CF-4A65-B735-CCEFAF17B171}.Debug|Any CPU.ActiveCfg = Debug|Any CPU
		{1E8986F7-06CF-4A65-B735-CCEFAF17B171}.Debug|Any CPU.Build.0 = Debug|Any CPU
		{1E8986F7-06CF-4A65-B735-CCEFAF17B171}.Release|Any CPU.ActiveCfg = Release|Any CPU
		{1E8986F7-06CF-4A65-B735-CCEFAF17B171}.Release|Any CPU.Build.0 = Release|Any CPU
	EndGlobalSection
	GlobalSection(SolutionProperties) = preSolution
		HideSolutionNode = FALSE
	EndGlobalSection
	GlobalSection(ExtensibilityGlobals) = postSolution
		SolutionGuid = {7C219368-CDC8-479A-916F-FABCA4FC3610}
	EndGlobalSection
EndGlobal
