
Microsoft Visual Studio Solution File, Format Version 12.00
# Visual Studio Version 16
VisualStudioVersion = 16.0.31019.35
MinimumVisualStudioVersion = 10.0.40219.1
Project("{FAE04EC0-301F-11D3-BF4B-00C04F79EFBC}") = "Lambda Expression Assignment", "Lambda Expression Assignment\Lambda Expression Assignment.csproj", "{1FC85EB9-630F-48DA-B19F-96351352C597}"
EndProject
Global
	GlobalSection(SolutionConfigurationPlatforms) = preSolution
		Debug|Any CPU = Debug|Any CPU
		Release|Any CPU = Release|Any CPU
	EndGlobalSection
	GlobalSection(ProjectConfigurationPlatforms) = postSolution
		{1FC85EB9-630F-48DA-B19F-96351352C597}.Debug|Any CPU.ActiveCfg = Debug|Any CPU
		{1FC85EB9-630F-48DA-B19F-96351352C597}.Debug|Any CPU.Build.0 = Debug|Any CPU
		{1FC85EB9-630F-48DA-B19F-96351352C597}.Release|Any CPU.ActiveCfg = Release|Any CPU
		{1FC85EB9-630F-48DA-B19F-96351352C597}.Release|Any CPU.Build.0 = Release|Any CPU
	EndGlobalSection
	GlobalSection(SolutionProperties) = preSolution
		HideSolutionNode = FALSE
	EndGlobalSection
	GlobalSection(ExtensibilityGlobals) = postSolution
		SolutionGuid = {D296F9F4-7CE5-49F2-9D53-FF51DBE88237}
	EndGlobalSection
EndGlobal
