
Microsoft Visual Studio Solution File, Format Version 12.00
# Visual Studio Version 16
VisualStudioVersion = 16.0.30907.101
MinimumVisualStudioVersion = 10.0.40219.1
Project("{FAE04EC0-301F-11D3-BF4B-00C04F79EFBC}") = "String Assignment", "String Assignment\String Assignment.csproj", "{AB321A03-2723-4CD4-BD5D-90EF4F12176D}"
EndProject
Global
	GlobalSection(SolutionConfigurationPlatforms) = preSolution
		Debug|Any CPU = Debug|Any CPU
		Release|Any CPU = Release|Any CPU
	EndGlobalSection
	GlobalSection(ProjectConfigurationPlatforms) = postSolution
		{AB321A03-2723-4CD4-BD5D-90EF4F12176D}.Debug|Any CPU.ActiveCfg = Debug|Any CPU
		{AB321A03-2723-4CD4-BD5D-90EF4F12176D}.Debug|Any CPU.Build.0 = Debug|Any CPU
		{AB321A03-2723-4CD4-BD5D-90EF4F12176D}.Release|Any CPU.ActiveCfg = Release|Any CPU
		{AB321A03-2723-4CD4-BD5D-90EF4F12176D}.Release|Any CPU.Build.0 = Release|Any CPU
	EndGlobalSection
	GlobalSection(SolutionProperties) = preSolution
		HideSolutionNode = FALSE
	EndGlobalSection
	GlobalSection(ExtensibilityGlobals) = postSolution
		SolutionGuid = {8C5E4600-BF30-4F58-A50D-8E4C90F69701}
	EndGlobalSection
EndGlobal
